PODS:
  - Flutter (1.0.0)
  - flutter_image_compress (0.0.1):
    - Flutter
    - Mantle
    - SDWebImageWebPCoder
  - FMDB (2.7.5):
    - FMDB/standard (= 2.7.5)
  - FMDB/standard (2.7.5)
  - libwebp (1.1.0):
    - libwebp/demux (= 1.1.0)
    - libwebp/mux (= 1.1.0)
    - libwebp/webp (= 1.1.0)
  - libwebp/demux (1.1.0):
    - libwebp/webp
  - libwebp/mux (1.1.0):
    - libwebp/demux
  - libwebp/webp (1.1.0)
  - Mantle (2.1.1):
    - Mantle/extobjc (= 2.1.1)
  - Mantle/extobjc (2.1.1)
  - optimized_cached_image (0.0.1):
    - Flutter
  - path_provider (0.0.1):
    - Flutter
  - path_provider_macos (0.0.1):
    - Flutter
  - SDWebImage/Core (5.5.2)
  - SDWebImageWebPCoder (0.5.0):
    - libwebp (~> 1.0)
    - SDWebImage/Core (~> 5.5)
  - sqflite (0.0.1):
    - Flutter
    - FMDB (~> 2.7.2)

DEPENDENCIES:
  - Flutter (from `Flutter`)
  - flutter_image_compress (from `.symlinks/plugins/flutter_image_compress/ios`)
  - optimized_cached_image (from `.symlinks/plugins/optimized_cached_image/ios`)
  - path_provider (from `.symlinks/plugins/path_provider/ios`)
  - path_provider_macos (from `.symlinks/plugins/path_provider_macos/ios`)
  - sqflite (from `.symlinks/plugins/sqflite/ios`)

SPEC REPOS:
  trunk:
    - FMDB
    - libwebp
    - Mantle
    - SDWebImage
    - SDWebImageWebPCoder

EXTERNAL SOURCES:
  Flutter:
    :path: Flutter
  flutter_image_compress:
    :path: ".symlinks/plugins/flutter_image_compress/ios"
  optimized_cached_image:
    :path: ".symlinks/plugins/optimized_cached_image/ios"
  path_provider:
    :path: ".symlinks/plugins/path_provider/ios"
  path_provider_macos:
    :path: ".symlinks/plugins/path_provider_macos/ios"
  sqflite:
    :path: ".symlinks/plugins/sqflite/ios"

SPEC CHECKSUMS:
  Flutter: 0e3d915762c693b495b44d77113d4970485de6ec
  flutter_image_compress: 082f8daaf6c1b0c9fe798251c750ef0ecd98d7ae
  FMDB: 2ce00b547f966261cd18927a3ddb07cb6f3db82a
  libwebp: 946cb3063cea9236285f7e9a8505d806d30e07f3
  Mantle: 35238ae6f2e2b2d474fa7b67fee82a59fea71915
  optimized_cached_image: ca9a3f63565ac73f1b65226fc4fade259550949b
  path_provider: fb74bd0465e96b594bb3b5088ee4a4e7bb1f2a9d
  path_provider_macos: f760a3c5b04357c380e2fddb6f9db6f3015897e0
  SDWebImage: 4d5c027c935438f341ed33dbac53ff9f479922ca
  SDWebImageWebPCoder: e7ae855f058e3dcae99696920b6a5d134e9dcddf
  sqflite: 4001a31ff81d210346b500c55b17f4d6c7589dd0

PODFILE CHECKSUM: 1b66dae606f75376c5f2135a8290850eeb09ae83

COCOAPODS: 1.8.4
